
Microsoft Visual Studio Solution File, Format Version 12.00
# Visual Studio Version 17
VisualStudioVersion = 17.13.35818.85
MinimumVisualStudioVersion = 10.0.40219.1
Project("{2150E333-8FDC-42A3-9474-1A3956D46DE8}") = "Services", "Services", "{02EA681E-C7D8-13C7-8484-4AC65E1B71E8}"
EndProject
Project("{2150E333-8FDC-42A3-9474-1A3956D46DE8}") = "Catalog", "Catalog", "{67C03699-394B-42EA-8332-E918B7DD91A7}"
EndProject
Project("{FAE04EC0-301F-11D3-BF4B-00C04F79EFBC}") = "MultiShop.Catalog", "Services\Catalog\MultiShop.Catalog\MultiShop.Catalog.csproj", "{59776095-8BB2-4F6A-BEC3-857C27089D2A}"
EndProject
Project("{2150E333-8FDC-42A3-9474-1A3956D46DE8}") = "Discount", "Discount", "{6F22FAFB-D9B8-4AC7-A59D-1D3A71748CF6}"
EndProject
Project("{FAE04EC0-301F-11D3-BF4B-00C04F79EFBC}") = "MultiShop.Discount", "Services\Discount\MultiShop.Discount\MultiShop.Discount.csproj", "{540AE9D9-EC19-4B06-9C77-447C1F2BB5F4}"
EndProject
Project("{2150E333-8FDC-42A3-9474-1A3956D46DE8}") = "Order", "Order", "{DB5564B8-A4DA-4D85-A1F5-BCD542D2DB91}"
EndProject
Project("{2150E333-8FDC-42A3-9474-1A3956D46DE8}") = "Core", "Core", "{31252E78-4E37-4158-9072-511DC1FE248C}"
EndProject
Project("{2150E333-8FDC-42A3-9474-1A3956D46DE8}") = "Infrastructure", "Infrastructure", "{504347F5-4A54-4BDA-B5BF-6A25D762DF5A}"
EndProject
Project("{2150E333-8FDC-42A3-9474-1A3956D46DE8}") = "Presentation", "Presentation", "{569481FC-E837-405C-B476-4AC1D21423F2}"
EndProject
Project("{FAE04EC0-301F-11D3-BF4B-00C04F79EFBC}") = "MultiShop.Order.Domain", "Services\Order\Core\MultiShop.Order.Domain\MultiShop.Order.Domain.csproj", "{96694C72-528C-4E4C-8D0C-7CE2F6A79953}"
EndProject
Project("{FAE04EC0-301F-11D3-BF4B-00C04F79EFBC}") = "MultiShop.Order.Application", "Services\Order\Core\MultiShop.Order.Application\MultiShop.Order.Application.csproj", "{FC013770-CD9E-4BFB-8602-94A0D745B254}"
EndProject
Project("{FAE04EC0-301F-11D3-BF4B-00C04F79EFBC}") = "MultiShop.Order.Persistence", "Services\Order\Infrastructure\MultiShop.Order.Persistence\MultiShop.Order.Persistence.csproj", "{4B171DF7-3BB5-4520-8905-C012CA4766AC}"
EndProject
Project("{FAE04EC0-301F-11D3-BF4B-00C04F79EFBC}") = "MultiShop.Order.WebAPI", "Services\Order\Presentation\MultiShop.Order.WebAPI\MultiShop.Order.WebAPI.csproj", "{E34B25ED-AA78-46CE-990D-B84E4AE2FF2C}"
EndProject
Project("{2150E333-8FDC-42A3-9474-1A3956D46DE8}") = "IdentityServer", "IdentityServer", "{9BBC90C6-B9D6-4ED4-B624-8C064ED96125}"
EndProject
Project("{FAE04EC0-301F-11D3-BF4B-00C04F79EFBC}") = "MultiShop.IdentityServer", "IdentityServer\MultiShop.IdentityServer\MultiShop.IdentityServer.csproj", "{EA14094F-FB55-5ABC-1402-B4229C4AD0B1}"
EndProject
Project("{2150E333-8FDC-42A3-9474-1A3956D46DE8}") = "Cargo", "Cargo", "{180CC5F7-0730-4DA6-A803-DB9D60D4F657}"
EndProject
Project("{FAE04EC0-301F-11D3-BF4B-00C04F79EFBC}") = "MultiShop.Cargo.Business", "Services\Cargo\MultiShop.Cargo.Business\MultiShop.Cargo.Business.csproj", "{C04B582F-0E33-4496-97DD-E821464E3F74}"
EndProject
Project("{FAE04EC0-301F-11D3-BF4B-00C04F79EFBC}") = "MultiShop.Cargo.Entities", "Services\Cargo\MultiShop.Cargo.Entities\MultiShop.Cargo.Entities.csproj", "{1DDA8941-C967-4B56-A031-56BCB66FDE79}"
EndProject
Project("{FAE04EC0-301F-11D3-BF4B-00C04F79EFBC}") = "MultiShop.Cargo.DataAccess", "Services\Cargo\MultiShop.Cargo.DataAccess\MultiShop.Cargo.DataAccess.csproj", "{AD9440F3-BC7E-44A6-BC51-3746320ED7E3}"
EndProject
Project("{FAE04EC0-301F-11D3-BF4B-00C04F79EFBC}") = "MultiShop.Cargo.Dtos", "Services\Cargo\MultiShop.Cargo.Dtos\MultiShop.Cargo.Dtos.csproj", "{2B9EC958-076D-4388-975C-7EA7CBC8C73A}"
EndProject
Project("{FAE04EC0-301F-11D3-BF4B-00C04F79EFBC}") = "MultiShop.Cargo.WebAPI", "Services\Cargo\MultiShop.Cargo.WebAPI\MultiShop.Cargo.WebAPI.csproj", "{E081B7C5-131A-438C-BF99-3479EFA0E30E}"
EndProject
Project("{2150E333-8FDC-42A3-9474-1A3956D46DE8}") = "Basket", "Basket", "{8B9CEEA2-1F17-4E41-9629-C0E56ED2041B}"
EndProject
Project("{FAE04EC0-301F-11D3-BF4B-00C04F79EFBC}") = "MultiShop.Basket", "Services\Basket\MultiShop.Basket\MultiShop.Basket.csproj", "{AB731040-FABC-4004-838D-36A0A75F9615}"
EndProject
Project("{2150E333-8FDC-42A3-9474-1A3956D46DE8}") = "Frontends", "Frontends", "{FA2B04D1-26F8-41C0-80BF-55C13EBE0114}"
EndProject
Project("{FAE04EC0-301F-11D3-BF4B-00C04F79EFBC}") = "MultiShop.WebUI", "Frontends\MultiShop.WebUI\MultiShop.WebUI.csproj", "{E1DD78E7-54B0-406D-825D-F2CD3DA53EF9}"
EndProject
Project("{2150E333-8FDC-42A3-9474-1A3956D46DE8}") = "Comment", "Comment", "{BF772E64-A47C-422E-BB64-8743CFAD0515}"
EndProject
Project("{FAE04EC0-301F-11D3-BF4B-00C04F79EFBC}") = "MultiShop.Comment", "Services\Comment\MultiShop.Comment\MultiShop.Comment.csproj", "{B4C00A0C-C3E2-45D6-BBD2-E42212780E62}"
EndProject
Global
	GlobalSection(SolutionConfigurationPlatforms) = preSolution
		Debug|Any CPU = Debug|Any CPU
		Release|Any CPU = Release|Any CPU
	EndGlobalSection
	GlobalSection(ProjectConfigurationPlatforms) = postSolution
		{59776095-8BB2-4F6A-BEC3-857C27089D2A}.Debug|Any CPU.ActiveCfg = Debug|Any CPU
		{59776095-8BB2-4F6A-BEC3-857C27089D2A}.Debug|Any CPU.Build.0 = Debug|Any CPU
		{59776095-8BB2-4F6A-BEC3-857C27089D2A}.Release|Any CPU.ActiveCfg = Release|Any CPU
		{59776095-8BB2-4F6A-BEC3-857C27089D2A}.Release|Any CPU.Build.0 = Release|Any CPU
		{540AE9D9-EC19-4B06-9C77-447C1F2BB5F4}.Debug|Any CPU.ActiveCfg = Debug|Any CPU
		{540AE9D9-EC19-4B06-9C77-447C1F2BB5F4}.Debug|Any CPU.Build.0 = Debug|Any CPU
		{540AE9D9-EC19-4B06-9C77-447C1F2BB5F4}.Release|Any CPU.ActiveCfg = Release|Any CPU
		{540AE9D9-EC19-4B06-9C77-447C1F2BB5F4}.Release|Any CPU.Build.0 = Release|Any CPU
		{96694C72-528C-4E4C-8D0C-7CE2F6A79953}.Debug|Any CPU.ActiveCfg = Debug|Any CPU
		{96694C72-528C-4E4C-8D0C-7CE2F6A79953}.Debug|Any CPU.Build.0 = Debug|Any CPU
		{96694C72-528C-4E4C-8D0C-7CE2F6A79953}.Release|Any CPU.ActiveCfg = Release|Any CPU
		{96694C72-528C-4E4C-8D0C-7CE2F6A79953}.Release|Any CPU.Build.0 = Release|Any CPU
		{FC013770-CD9E-4BFB-8602-94A0D745B254}.Debug|Any CPU.ActiveCfg = Debug|Any CPU
		{FC013770-CD9E-4BFB-8602-94A0D745B254}.Debug|Any CPU.Build.0 = Debug|Any CPU
		{FC013770-CD9E-4BFB-8602-94A0D745B254}.Release|Any CPU.ActiveCfg = Release|Any CPU
		{FC013770-CD9E-4BFB-8602-94A0D745B254}.Release|Any CPU.Build.0 = Release|Any CPU
		{4B171DF7-3BB5-4520-8905-C012CA4766AC}.Debug|Any CPU.ActiveCfg = Debug|Any CPU
		{4B171DF7-3BB5-4520-8905-C012CA4766AC}.Debug|Any CPU.Build.0 = Debug|Any CPU
		{4B171DF7-3BB5-4520-8905-C012CA4766AC}.Release|Any CPU.ActiveCfg = Release|Any CPU
		{4B171DF7-3BB5-4520-8905-C012CA4766AC}.Release|Any CPU.Build.0 = Release|Any CPU
		{E34B25ED-AA78-46CE-990D-B84E4AE2FF2C}.Debug|Any CPU.ActiveCfg = Debug|Any CPU
		{E34B25ED-AA78-46CE-990D-B84E4AE2FF2C}.Debug|Any CPU.Build.0 = Debug|Any CPU
		{E34B25ED-AA78-46CE-990D-B84E4AE2FF2C}.Release|Any CPU.ActiveCfg = Release|Any CPU
		{E34B25ED-AA78-46CE-990D-B84E4AE2FF2C}.Release|Any CPU.Build.0 = Release|Any CPU
		{EA14094F-FB55-5ABC-1402-B4229C4AD0B1}.Debug|Any CPU.ActiveCfg = Debug|Any CPU
		{EA14094F-FB55-5ABC-1402-B4229C4AD0B1}.Debug|Any CPU.Build.0 = Debug|Any CPU
		{EA14094F-FB55-5ABC-1402-B4229C4AD0B1}.Release|Any CPU.ActiveCfg = Release|Any CPU
		{EA14094F-FB55-5ABC-1402-B4229C4AD0B1}.Release|Any CPU.Build.0 = Release|Any CPU
		{C04B582F-0E33-4496-97DD-E821464E3F74}.Debug|Any CPU.ActiveCfg = Debug|Any CPU
		{C04B582F-0E33-4496-97DD-E821464E3F74}.Debug|Any CPU.Build.0 = Debug|Any CPU
		{C04B582F-0E33-4496-97DD-E821464E3F74}.Release|Any CPU.ActiveCfg = Release|Any CPU
		{C04B582F-0E33-4496-97DD-E821464E3F74}.Release|Any CPU.Build.0 = Release|Any CPU
		{1DDA8941-C967-4B56-A031-56BCB66FDE79}.Debug|Any CPU.ActiveCfg = Debug|Any CPU
		{1DDA8941-C967-4B56-A031-56BCB66FDE79}.Debug|Any CPU.Build.0 = Debug|Any CPU
		{1DDA8941-C967-4B56-A031-56BCB66FDE79}.Release|Any CPU.ActiveCfg = Release|Any CPU
		{1DDA8941-C967-4B56-A031-56BCB66FDE79}.Release|Any CPU.Build.0 = Release|Any CPU
		{AD9440F3-BC7E-44A6-BC51-3746320ED7E3}.Debug|Any CPU.ActiveCfg = Debug|Any CPU
		{AD9440F3-BC7E-44A6-BC51-3746320ED7E3}.Debug|Any CPU.Build.0 = Debug|Any CPU
		{AD9440F3-BC7E-44A6-BC51-3746320ED7E3}.Release|Any CPU.ActiveCfg = Release|Any CPU
		{AD9440F3-BC7E-44A6-BC51-3746320ED7E3}.Release|Any CPU.Build.0 = Release|Any CPU
		{2B9EC958-076D-4388-975C-7EA7CBC8C73A}.Debug|Any CPU.ActiveCfg = Debug|Any CPU
		{2B9EC958-076D-4388-975C-7EA7CBC8C73A}.Debug|Any CPU.Build.0 = Debug|Any CPU
		{2B9EC958-076D-4388-975C-7EA7CBC8C73A}.Release|Any CPU.ActiveCfg = Release|Any CPU
		{2B9EC958-076D-4388-975C-7EA7CBC8C73A}.Release|Any CPU.Build.0 = Release|Any CPU
		{E081B7C5-131A-438C-BF99-3479EFA0E30E}.Debug|Any CPU.ActiveCfg = Debug|Any CPU
		{E081B7C5-131A-438C-BF99-3479EFA0E30E}.Debug|Any CPU.Build.0 = Debug|Any CPU
		{E081B7C5-131A-438C-BF99-3479EFA0E30E}.Release|Any CPU.ActiveCfg = Release|Any CPU
		{E081B7C5-131A-438C-BF99-3479EFA0E30E}.Release|Any CPU.Build.0 = Release|Any CPU
		{AB731040-FABC-4004-838D-36A0A75F9615}.Debug|Any CPU.ActiveCfg = Debug|Any CPU
		{AB731040-FABC-4004-838D-36A0A75F9615}.Debug|Any CPU.Build.0 = Debug|Any CPU
		{AB731040-FABC-4004-838D-36A0A75F9615}.Release|Any CPU.ActiveCfg = Release|Any CPU
		{AB731040-FABC-4004-838D-36A0A75F9615}.Release|Any CPU.Build.0 = Release|Any CPU
		{E1DD78E7-54B0-406D-825D-F2CD3DA53EF9}.Debug|Any CPU.ActiveCfg = Debug|Any CPU
		{E1DD78E7-54B0-406D-825D-F2CD3DA53EF9}.Debug|Any CPU.Build.0 = Debug|Any CPU
		{E1DD78E7-54B0-406D-825D-F2CD3DA53EF9}.Release|Any CPU.ActiveCfg = Release|Any CPU
		{E1DD78E7-54B0-406D-825D-F2CD3DA53EF9}.Release|Any CPU.Build.0 = Release|Any CPU
		{B4C00A0C-C3E2-45D6-BBD2-E42212780E62}.Debug|Any CPU.ActiveCfg = Debug|Any CPU
		{B4C00A0C-C3E2-45D6-BBD2-E42212780E62}.Debug|Any CPU.Build.0 = Debug|Any CPU
		{B4C00A0C-C3E2-45D6-BBD2-E42212780E62}.Release|Any CPU.ActiveCfg = Release|Any CPU
		{B4C00A0C-C3E2-45D6-BBD2-E42212780E62}.Release|Any CPU.Build.0 = Release|Any CPU
	EndGlobalSection
	GlobalSection(SolutionProperties) = preSolution
		HideSolutionNode = FALSE
	EndGlobalSection
	GlobalSection(NestedProjects) = preSolution
		{67C03699-394B-42EA-8332-E918B7DD91A7} = {02EA681E-C7D8-13C7-8484-4AC65E1B71E8}
		{59776095-8BB2-4F6A-BEC3-857C27089D2A} = {67C03699-394B-42EA-8332-E918B7DD91A7}
		{6F22FAFB-D9B8-4AC7-A59D-1D3A71748CF6} = {02EA681E-C7D8-13C7-8484-4AC65E1B71E8}
		{540AE9D9-EC19-4B06-9C77-447C1F2BB5F4} = {6F22FAFB-D9B8-4AC7-A59D-1D3A71748CF6}
		{DB5564B8-A4DA-4D85-A1F5-BCD542D2DB91} = {02EA681E-C7D8-13C7-8484-4AC65E1B71E8}
		{31252E78-4E37-4158-9072-511DC1FE248C} = {DB5564B8-A4DA-4D85-A1F5-BCD542D2DB91}
		{504347F5-4A54-4BDA-B5BF-6A25D762DF5A} = {DB5564B8-A4DA-4D85-A1F5-BCD542D2DB91}
		{569481FC-E837-405C-B476-4AC1D21423F2} = {DB5564B8-A4DA-4D85-A1F5-BCD542D2DB91}
		{96694C72-528C-4E4C-8D0C-7CE2F6A79953} = {31252E78-4E37-4158-9072-511DC1FE248C}
		{FC013770-CD9E-4BFB-8602-94A0D745B254} = {31252E78-4E37-4158-9072-511DC1FE248C}
		{4B171DF7-3BB5-4520-8905-C012CA4766AC} = {504347F5-4A54-4BDA-B5BF-6A25D762DF5A}
		{E34B25ED-AA78-46CE-990D-B84E4AE2FF2C} = {569481FC-E837-405C-B476-4AC1D21423F2}
		{EA14094F-FB55-5ABC-1402-B4229C4AD0B1} = {9BBC90C6-B9D6-4ED4-B624-8C064ED96125}
		{180CC5F7-0730-4DA6-A803-DB9D60D4F657} = {02EA681E-C7D8-13C7-8484-4AC65E1B71E8}
		{C04B582F-0E33-4496-97DD-E821464E3F74} = {180CC5F7-0730-4DA6-A803-DB9D60D4F657}
		{1DDA8941-C967-4B56-A031-56BCB66FDE79} = {180CC5F7-0730-4DA6-A803-DB9D60D4F657}
		{AD9440F3-BC7E-44A6-BC51-3746320ED7E3} = {180CC5F7-0730-4DA6-A803-DB9D60D4F657}
		{2B9EC958-076D-4388-975C-7EA7CBC8C73A} = {180CC5F7-0730-4DA6-A803-DB9D60D4F657}
		{E081B7C5-131A-438C-BF99-3479EFA0E30E} = {180CC5F7-0730-4DA6-A803-DB9D60D4F657}
		{8B9CEEA2-1F17-4E41-9629-C0E56ED2041B} = {02EA681E-C7D8-13C7-8484-4AC65E1B71E8}
		{AB731040-FABC-4004-838D-36A0A75F9615} = {8B9CEEA2-1F17-4E41-9629-C0E56ED2041B}
		{E1DD78E7-54B0-406D-825D-F2CD3DA53EF9} = {FA2B04D1-26F8-41C0-80BF-55C13EBE0114}
		{BF772E64-A47C-422E-BB64-8743CFAD0515} = {02EA681E-C7D8-13C7-8484-4AC65E1B71E8}
		{B4C00A0C-C3E2-45D6-BBD2-E42212780E62} = {BF772E64-A47C-422E-BB64-8743CFAD0515}
	EndGlobalSection
	GlobalSection(ExtensibilityGlobals) = postSolution
		SolutionGuid = {0CDCAFE4-C792-4DC1-8B44-45090DCCE65D}
	EndGlobalSection
EndGlobal
