
Microsoft Visual Studio Solution File, Format Version 12.00
# Visual Studio Version 17
VisualStudioVersion = 17.13.35818.85
MinimumVisualStudioVersion = 10.0.40219.1
Project("{2150E333-8FDC-42A3-9474-1A3956D46DE8}") = "Services", "Services", "{02EA681E-C7D8-13C7-8484-4AC65E1B71E8}"
EndProject
Project("{2150E333-8FDC-42A3-9474-1A3956D46DE8}") = "Catalog", "Catalog", "{67C03699-394B-42EA-8332-E918B7DD91A7}"
EndProject
Project("{FAE04EC0-301F-11D3-BF4B-00C04F79EFBC}") = "MultiShop.Catalog", "Services\Catalog\MultiShop.Catalog\MultiShop.Catalog.csproj", "{59776095-8BB2-4F6A-BEC3-857C27089D2A}"
EndProject
Project("{2150E333-8FDC-42A3-9474-1A3956D46DE8}") = "Discount", "Discount", "{6F22FAFB-D9B8-4AC7-A59D-1D3A71748CF6}"
EndProject
Project("{FAE04EC0-301F-11D3-BF4B-00C04F79EFBC}") = "MultiShop.Discount", "Services\Discount\MultiShop.Discount\MultiShop.Discount.csproj", "{540AE9D9-EC19-4B06-9C77-447C1F2BB5F4}"
EndProject
Project("{2150E333-8FDC-42A3-9474-1A3956D46DE8}") = "Order", "Order", "{DB5564B8-A4DA-4D85-A1F5-BCD542D2DB91}"
EndProject
Project("{2150E333-8FDC-42A3-9474-1A3956D46DE8}") = "Core", "Core", "{31252E78-4E37-4158-9072-511DC1FE248C}"
EndProject
Project("{2150E333-8FDC-42A3-9474-1A3956D46DE8}") = "Infrastructure", "Infrastructure", "{504347F5-4A54-4BDA-B5BF-6A25D762DF5A}"
EndProject
Project("{2150E333-8FDC-42A3-9474-1A3956D46DE8}") = "Presentation", "Presentation", "{569481FC-E837-405C-B476-4AC1D21423F2}"
EndProject
Project("{FAE04EC0-301F-11D3-BF4B-00C04F79EFBC}") = "MultiShop.Order.Domain", "Services\Order\Core\MultiShop.Order.Domain\MultiShop.Order.Domain.csproj", "{96694C72-528C-4E4C-8D0C-7CE2F6A79953}"
EndProject
Project("{FAE04EC0-301F-11D3-BF4B-00C04F79EFBC}") = "MultiShop.Order.Application", "Services\Order\Core\MultiShop.Order.Application\MultiShop.Order.Application.csproj", "{FC013770-CD9E-4BFB-8602-94A0D745B254}"
EndProject
Project("{FAE04EC0-301F-11D3-BF4B-00C04F79EFBC}") = "MultiShop.Order.Persistence", "Services\Order\Infrastructure\MultiShop.Order.Persistence\MultiShop.Order.Persistence.csproj", "{4B171DF7-3BB5-4520-8905-C012CA4766AC}"
EndProject
Project("{FAE04EC0-301F-11D3-BF4B-00C04F79EFBC}") = "MultiShop.Order.WebAPI", "Services\Order\Presentation\MultiShop.Order.WebAPI\MultiShop.Order.WebAPI.csproj", "{E34B25ED-AA78-46CE-990D-B84E4AE2FF2C}"
EndProject
Project("{2150E333-8FDC-42A3-9474-1A3956D46DE8}") = "IdentityServer", "IdentityServer", "{9BBC90C6-B9D6-4ED4-B624-8C064ED96125}"
EndProject
Project("{FAE04EC0-301F-11D3-BF4B-00C04F79EFBC}") = "MultiShop.IdentityServer", "IdentityServer\MultiShop.IdentityServer\MultiShop.IdentityServer.csproj", "{EA14094F-FB55-5ABC-1402-B4229C4AD0B1}"
EndProject
Global
	GlobalSection(SolutionConfigurationPlatforms) = preSolution
		Debug|Any CPU = Debug|Any CPU
		Release|Any CPU = Release|Any CPU
	EndGlobalSection
	GlobalSection(ProjectConfigurationPlatforms) = postSolution
		{59776095-8BB2-4F6A-BEC3-857C27089D2A}.Debug|Any CPU.ActiveCfg = Debug|Any CPU
		{59776095-8BB2-4F6A-BEC3-857C27089D2A}.Debug|Any CPU.Build.0 = Debug|Any CPU
		{59776095-8BB2-4F6A-BEC3-857C27089D2A}.Release|Any CPU.ActiveCfg = Release|Any CPU
		{59776095-8BB2-4F6A-BEC3-857C27089D2A}.Release|Any CPU.Build.0 = Release|Any CPU
		{540AE9D9-EC19-4B06-9C77-447C1F2BB5F4}.Debug|Any CPU.ActiveCfg = Debug|Any CPU
		{540AE9D9-EC19-4B06-9C77-447C1F2BB5F4}.Debug|Any CPU.Build.0 = Debug|Any CPU
		{540AE9D9-EC19-4B06-9C77-447C1F2BB5F4}.Release|Any CPU.ActiveCfg = Release|Any CPU
		{540AE9D9-EC19-4B06-9C77-447C1F2BB5F4}.Release|Any CPU.Build.0 = Release|Any CPU
		{96694C72-528C-4E4C-8D0C-7CE2F6A79953}.Debug|Any CPU.ActiveCfg = Debug|Any CPU
		{96694C72-528C-4E4C-8D0C-7CE2F6A79953}.Debug|Any CPU.Build.0 = Debug|Any CPU
		{96694C72-528C-4E4C-8D0C-7CE2F6A79953}.Release|Any CPU.ActiveCfg = Release|Any CPU
		{96694C72-528C-4E4C-8D0C-7CE2F6A79953}.Release|Any CPU.Build.0 = Release|Any CPU
		{FC013770-CD9E-4BFB-8602-94A0D745B254}.Debug|Any CPU.ActiveCfg = Debug|Any CPU
		{FC013770-CD9E-4BFB-8602-94A0D745B254}.Debug|Any CPU.Build.0 = Debug|Any CPU
		{FC013770-CD9E-4BFB-8602-94A0D745B254}.Release|Any CPU.ActiveCfg = Release|Any CPU
		{FC013770-CD9E-4BFB-8602-94A0D745B254}.Release|Any CPU.Build.0 = Release|Any CPU
		{4B171DF7-3BB5-4520-8905-C012CA4766AC}.Debug|Any CPU.ActiveCfg = Debug|Any CPU
		{4B171DF7-3BB5-4520-8905-C012CA4766AC}.Debug|Any CPU.Build.0 = Debug|Any CPU
		{4B171DF7-3BB5-4520-8905-C012CA4766AC}.Release|Any CPU.ActiveCfg = Release|Any CPU
		{4B171DF7-3BB5-4520-8905-C012CA4766AC}.Release|Any CPU.Build.0 = Release|Any CPU
		{E34B25ED-AA78-46CE-990D-B84E4AE2FF2C}.Debug|Any CPU.ActiveCfg = Debug|Any CPU
		{E34B25ED-AA78-46CE-990D-B84E4AE2FF2C}.Debug|Any CPU.Build.0 = Debug|Any CPU
		{E34B25ED-AA78-46CE-990D-B84E4AE2FF2C}.Release|Any CPU.ActiveCfg = Release|Any CPU
		{E34B25ED-AA78-46CE-990D-B84E4AE2FF2C}.Release|Any CPU.Build.0 = Release|Any CPU
		{EA14094F-FB55-5ABC-1402-B4229C4AD0B1}.Debug|Any CPU.ActiveCfg = Debug|Any CPU
		{EA14094F-FB55-5ABC-1402-B4229C4AD0B1}.Debug|Any CPU.Build.0 = Debug|Any CPU
		{EA14094F-FB55-5ABC-1402-B4229C4AD0B1}.Release|Any CPU.ActiveCfg = Release|Any CPU
		{EA14094F-FB55-5ABC-1402-B4229C4AD0B1}.Release|Any CPU.Build.0 = Release|Any CPU
	EndGlobalSection
	GlobalSection(SolutionProperties) = preSolution
		HideSolutionNode = FALSE
	EndGlobalSection
	GlobalSection(NestedProjects) = preSolution
		{67C03699-394B-42EA-8332-E918B7DD91A7} = {02EA681E-C7D8-13C7-8484-4AC65E1B71E8}
		{59776095-8BB2-4F6A-BEC3-857C27089D2A} = {67C03699-394B-42EA-8332-E918B7DD91A7}
		{6F22FAFB-D9B8-4AC7-A59D-1D3A71748CF6} = {02EA681E-C7D8-13C7-8484-4AC65E1B71E8}
		{540AE9D9-EC19-4B06-9C77-447C1F2BB5F4} = {6F22FAFB-D9B8-4AC7-A59D-1D3A71748CF6}
		{DB5564B8-A4DA-4D85-A1F5-BCD542D2DB91} = {02EA681E-C7D8-13C7-8484-4AC65E1B71E8}
		{31252E78-4E37-4158-9072-511DC1FE248C} = {DB5564B8-A4DA-4D85-A1F5-BCD542D2DB91}
		{504347F5-4A54-4BDA-B5BF-6A25D762DF5A} = {DB5564B8-A4DA-4D85-A1F5-BCD542D2DB91}
		{569481FC-E837-405C-B476-4AC1D21423F2} = {DB5564B8-A4DA-4D85-A1F5-BCD542D2DB91}
		{96694C72-528C-4E4C-8D0C-7CE2F6A79953} = {31252E78-4E37-4158-9072-511DC1FE248C}
		{FC013770-CD9E-4BFB-8602-94A0D745B254} = {31252E78-4E37-4158-9072-511DC1FE248C}
		{4B171DF7-3BB5-4520-8905-C012CA4766AC} = {504347F5-4A54-4BDA-B5BF-6A25D762DF5A}
		{E34B25ED-AA78-46CE-990D-B84E4AE2FF2C} = {569481FC-E837-405C-B476-4AC1D21423F2}
		{EA14094F-FB55-5ABC-1402-B4229C4AD0B1} = {9BBC90C6-B9D6-4ED4-B624-8C064ED96125}
	EndGlobalSection
	GlobalSection(ExtensibilityGlobals) = postSolution
		SolutionGuid = {0CDCAFE4-C792-4DC1-8B44-45090DCCE65D}
	EndGlobalSection
EndGlobal
